version = 1
revision = 5
requires-python = "==3.13.*"

[[package]]
name = "attrs"
version = "26.1.0"
source = { registry = "https://pypi.org/simple" }
sdist = { url = "https://files.pythonhosted.org/packages/9a/8e/82a0fe20a541c03148528be8cac2408564a6c9a0cc7e9171802bc1d26985/attrs-26.1.0.tar.gz", hash = "sha256:d03ceb89cb322a8fd706d4fb91940737b6642aa36998fe130a9bc96c985eff32", size = 952055, upload-time = "2026-03-19T14:22:25.026Z" }
wheels = [
    { url = "https://files.pythonhosted.org/packages/64/b4/17d4b0b2a2dc85a6df63d1157e028ed19f90d4cd97c36717afef2bc2f395/attrs-26.1.0-py3-none-any.whl", hash = "sha256:c647aa4a12dfbad9333ca4e71fe62ddc36f4e63b2d260a37a8b83d2f043ac309", size = 67548, upload-time = "2026-03-19T14:22:23.645Z" },
]

[[package]]
name = "coloraide"
version = "8.12.1"
source = { registry = "https://pypi.org/simple" }
sdist = { url = "https://files.pythonhosted.org/packages/5d/ce/355d2eff4f189b73ba7dbdb2f8c06861965d8d5c3309761d3e318b185496/coloraide-8.12.1.tar.gz", hash = "sha256:1ec65d8e293527bfd7785482f390e84250561f7484dc9b9d2bb62d4ce05271d3", size = 22408711, upload-time = "2026-08-23T18:28:58.406Z" }
wheels = [
    { url = "https://files.pythonhosted.org/packages/32/1e/8039069ece1efd209cc03558e83d5e29d9acc96f9e3341c9304bd8eedb70/coloraide-8.12.1-py3-none-any.whl", hash = "sha256:65d57a1990ee0e09961d64aa0746aa3759f94237a69984c008ebf31c4db08329", size = 364061, upload-time = "2026-08-23T18:28:56.051Z" },
]

[[package]]
name = "flexcache"
version = "0.3"
source = { registry = "https://pypi.org/simple" }
dependencies = [
    { name = "typing-extensions" },
]
sdist = { url = "https://files.pythonhosted.org/packages/55/b0/8a21e330561c65653d010ef112bf38f60890051d244ede197ddaa08e50c1/flexcache-0.3.tar.gz", hash = "sha256:18743bd5a0621bfe2cf8d519e4c3bfdf57a269c15d1ced3fb4b64e0ff4600656", size = 15816, upload-time = "2024-03-09T03:21:07.555Z" }
wheels = [
    { url = "https://files.pythonhosted.org/packages/27/cd/c883e1a7c447479d6e13985565080e3fea88ab5a107c21684c813dba1875/flexcache-0.3-py3-none-any.whl", hash = "sha256:d43c9fea82336af6e0115e308d9d33a185390b8346a017564611f1466dcd2e32", size = 13263, upload-time = "2024-03-09T03:21:05.635Z" },
]

[[package]]
name = "flexparser"
version = "0.4"
source = { registry = "https://pypi.org/simple" }
dependencies = [
    { name = "typing-extensions" },
]
sdist = { url = "https://files.pythonhosted.org/packages/82/99/b4de7e39e8eaf8207ba1a8fa2241dd98b2ba72ae6e16960d8351736d8702/flexparser-0.4.tar.gz", hash = "sha256:266d98905595be2ccc5da964fe0a2c3526fbbffdc45b65b3146d75db992ef6b2", size = 31799, upload-time = "2024-11-07T02:00:56.249Z" }
wheels = [
    { url = "https://files.pythonhosted.org/packages/fe/5e/3be305568fe5f34448807976dc82fc151d76c3e0e03958f34770286278c1/flexparser-0.4-py3-none-any.whl", hash = "sha256:3738b456192dcb3e15620f324c447721023c0293f6af9955b481e91d00179846", size = 27625, upload-time = "2024-11-07T02:00:54.523Z" },
]

[[package]]
name = "jsonschema"
version = "4.26.0"
source = { registry = "https://pypi.org/simple" }
dependencies = [
    { name = "attrs" },
    { name = "jsonschema-specifications" },
    { name = "referencing" },
    { name = "rpds-py" },
]
sdist = { url = "https://files.pythonhosted.org/packages/b3/fc/e067678238fa451312d4c62bf6e6cf5ec56375422aee02f9cb5f909b3047/jsonschema-4.26.0.tar.gz", hash = "sha256:0c26707e2efad8aa1bfc5b7ce170f3fccc2e4918ff85989ba9ffa9facb2be326", size = 366583, upload-time = "2026-01-07T13:41:07.246Z" }
wheels = [
    { url = "https://files.pythonhosted.org/packages/69/90/f63fb5873511e014207a475e2bb4e8b2e570d655b00ac19a9a0ca0a385ee/jsonschema-4.26.0-py3-none-any.whl", hash = "sha256:d489f15263b8d200f8387e64b4c3a75f06629559fb73deb8fdfb525f2dab50ce", size = 90630, upload-time = "2026-01-07T13:41:05.306Z" },
]

[[package]]
name = "jsonschema-specifications"
version = "2025.9.1"
source = { registry = "https://pypi.org/simple" }
dependencies = [
    { name = "referencing" },
]
sdist = { url = "https://files.pythonhosted.org/packages/19/74/a633ee74eb36c44aa6d1095e7cc5569bebf04342ee146178e2d36600708b/jsonschema_specifications-2025.9.1.tar.gz", hash = "sha256:b540987f239e745613c7a9176f3edb72b832a4ac465cf02712288397832b5e8d", size = 32855, upload-time = "2025-09-08T01:34:59.186Z" }
wheels = [
    { url = "https://files.pythonhosted.org/packages/41/45/1a4ed80516f02155c51f51e8cedb3c1902296743db0bbc66608a0db2814f/jsonschema_specifications-2025.9.1-py3-none-any.whl", hash = "sha256:98802fee3a11ee76ecaca44429fda8a41bff98b00a0f2838151b113f210cc6fe", size = 18437, upload-time = "2025-09-08T01:34:57.871Z" },
]

[[package]]
name = "lxml"
version = "6.1.3"
source = { registry = "https://pypi.org/simple" }
sdist = { url = "https://files.pythonhosted.org/packages/23/ad/28ecd7cb894d172f3c9c80a075eeeb2017ac62e3632cee05a5f9493547eb/lxml-6.1.3.tar.gz", hash = "sha256:45222d94ddd511536f3b2f7d9deae3b2339b4ce0f075f1ca25703b07cad9dd21", size = 4211198, upload-time = "2026-09-02T14:48:02.287Z" }
wheels = [
    { url = "https://files.pythonhosted.org/packages/52/05/3ef45db776baea068044c799bbba68f3ca00a440c0e930a17c572f3d9639/lxml-6.1.3-cp313-cp313-macosx_10_13_universal2.whl", hash = "sha256:3a48093cdb058a93af842ede9703520e810b05dcd0fc6d7190a06376c3bfb6bd", size = 8590357, upload-time = "2026-09-02T14:48:17.413Z" },
    { url = "https://files.pythonhosted.org/packages/8c/a5/eee2fc77eee5ea68e4a4334b1def1781a3beaeefd3d98e81b4a38dc447b7/lxml-6.1.3-cp313-cp313-macosx_10_13_x86_64.whl", hash = "sha256:887c021d9a977cff89cb273047c1352997b772a8908a25c21836861f69b92be1", size = 4632616, upload-time = "2026-09-02T14:48:20.745Z" },
    { url = "https://files.pythonhosted.org/packages/35/42/df27b56848acd29d8a720acc28977911aab36f2a09df4208d5502e887415/lxml-6.1.3-cp313-cp313-manylinux2014_aarch64.manylinux_2_17_aarch64.whl", hash = "sha256:611a51e61c92f62345a50b0035df6fc0d678f9299f33728826d831598862f59d", size = 4936186, upload-time = "2026-09-02T14:48:22.94Z" },
    { url = "https://files.pythonhosted.org/packages/ab/8d/8a7b91df0b54d09d25f5f44885d6b3e0a6d6643a8c070191580318d20c42/lxml-6.1.3-cp313-cp313-manylinux2014_x86_64.manylinux_2_17_x86_64.whl", hash = "sha256:b477912f42c5c33405a10c759d22f80cf5af043ae02d95b9d8e5e5bc555739ed", size = 5093324, upload-time = "2026-09-02T14:48:25.132Z" },
    { url = "https://files.pythonhosted.org/packages/c6/7e/8f340ddcd43790332fb0de8a26628d571a492da3300cd191821698407c96/lxml-6.1.3-cp313-cp313-manylinux_2_26_aarch64.manylinux_2_28_aarch64.whl", hash = "sha256:5cffe18571ccc51d742cd08cbb3f8b756de9311d18c7ea98f5d92f37b8fb60c2", size = 4998850, upload-time = "2026-09-02T14:48:27.394Z" },
    { url = "https://files.pythonhosted.org/packages/c5/c1/9c5bb572f1f09ec9e4322bd4a4e9f4ad48347fc56ef94cf4df58a5279dc8/lxml-6.1.3-cp313-cp313-manylinux_2_26_ppc64le.manylinux_2_28_ppc64le.whl", hash = "sha256:75cc6569e86be5785b6188ef1642670c6adbc984e81ec35e224842ecd9eefcc8", size = 5626813, upload-time = "2026-09-02T14:48:29.61Z" },
    { url = "https://files.pythonhosted.org/packages/ac/7d/8bf1fd8bae8247743968bb76d027a1ac5bd2c4b44495fba6a71b30d10706/lxml-6.1.3-cp313-cp313-manylinux_2_26_x86_64.manylinux_2_28_x86_64.whl", hash = "sha256:d85dfab42dd672f87a7f76e9de7172962aee69fa12044f0d6e1a23cbd53fb80e", size = 5232385, upload-time = "2026-09-02T14:48:31.969Z" },
    { url = "https://files.pythonhosted.org/packages/7b/2e/6cef69ed81cb7df0d03b0dd09d08e6e2cf5061a743ff6f42f0b741548e9b/lxml-6.1.3-cp313-cp313-manylinux_2_28_i686.whl", hash = "sha256:42632b4024ab24a6b488f559ac851312509888b6b80ae2aa11cf29a646a0d245", size = 5347088, upload-time = "2026-09-02T14:48:34.13Z" },
    { url = "https://files.pythonhosted.org/packages/5f/e1/8e5fd8ddc8c7d685badb0f2db149e3c9da84eefc2827c01c658df2c4e3cb/lxml-6.1.3-cp313-cp313-manylinux_2_31_armv7l.whl", hash = "sha256:febd35ef45f603c2d74b74655efdbf45e14f55fc0aef4ac82b663ca829b283e0", size = 4707227, upload-time = "2026-09-02T14:48:36.62Z" },
    { url = "https://files.pythonhosted.org/packages/7a/7e/00041382a11be40a88bf405ebff11c8efabd3de79f2691e1638b1c47a8a0/lxml-6.1.3-cp313-cp313-manylinux_2_38_riscv64.manylinux_2_39_riscv64.whl", hash = "sha256:a43b3bdf11e477dc7770609d3477316f974354dfc8425d596f64f471cc8daf6e", size = 5240208, upload-time = "2026-09-02T14:48:38.893Z" },
    { url = "https://files.pythonhosted.org/packages/fd/fe/316538b5cff0936fa63d45d421c655730fcbb5a28dcac728c175083002bc/lxml-6.1.3-cp313-cp313-musllinux_1_2_aarch64.whl", hash = "sha256:5d582042c69857c364e8153de6e18e0da9b7b515a6a8113caf69a6ec8e0520f2", size = 5050271, upload-time = "2026-09-02T14:48:41.213Z" },
    { url = "https://files.pythonhosted.org/packages/c9/91/455bcccb3ac725373007344d351151810cd19762d1673b64b811f4359a42/lxml-6.1.3-cp313-cp313-musllinux_1_2_armv7l.whl", hash = "sha256:8e49a646acfab83c68974f4aa1d0a2acca9e88d7d627ae0fc13201b14b76d310", size = 4780433, upload-time = "2026-09-02T14:48:43.779Z" },
    { url = "https://files.pythonhosted.org/packages/cb/f6/580440e2f52cf00bba5c5e1080bfa88cdfcde73be71a11d95170ddbb663f/lxml-6.1.3-cp313-cp313-musllinux_1_2_ppc64le.whl", hash = "sha256:0dee106e9aa97fb00541b1ed7827070564d0549c3d3fba8920e6b20fd980f748", size = 5645928, upload-time = "2026-09-02T14:48:46.187Z" },
    { url = "https://files.pythonhosted.org/packages/f6/dc/d123c1f244306543d545f62443f794959e4f1ea709fe100f8740d514e74a/lxml-6.1.3-cp313-cp313-musllinux_1_2_riscv64.whl", hash = "sha256:dd5e90f34cffcfed97f36cf066325773d2b6021c60c29942e53a18b028501b1d", size = 5231184, upload-time = "2026-09-02T14:48:48.691Z" },
    { url = "https://files.pythonhosted.org/packages/c3/3c/fe55b2bd5c6113c906511cd88f6a470195c5fbff1124f19970ab706c3477/lxml-6.1.3-cp313-cp313-musllinux_1_2_x86_64.whl", hash = "sha256:d9b3e7d71bf6acff341233417abbdface29c647e3113892d9aaedc02eb4aa2bc", size = 5255814, upload-time = "2026-09-02T14:48:50.948Z" },
    { url = "https://files.pythonhosted.org/packages/e7/a7/485df55acf55dc35e4ca89d2f48f03889e5a3241826b18b85102b32ce9d8/lxml-6.1.3-cp313-cp313-win32.whl", hash = "sha256:160fcf381f76c3aeac28a756bec44f48942a8f7245a87aa28e3a523b4d90cd87", size = 3602214, upload-time = "2026-09-02T14:48:53.236Z" },
    { url = "https://files.pythonhosted.org/packages/c0/28/e46a7702bd95e9043291f7c3539b6184cba66f96cea9936f20939b284eeb/lxml-6.1.3-cp313-cp313-win_amd64.whl", hash = "sha256:e477aca0bc0d19f3b4ae9e4f2a1cfd687c31bf772d78734910658186b40b2477", size = 4004091, upload-time = "2026-09-02T14:48:55.699Z" },
    { url = "https://files.pythonhosted.org/packages/8a/1d/154c78e20479a43916e63f19cb720d83f44f024b03228be44c92d9a97b24/lxml-6.1.3-cp313-cp313-win_arm64.whl", hash = "sha256:b1cc980905221a5d8b3c476330730b3adb40ff80add71ffbdb6215ba055656f1", size = 3665468, upload-time = "2026-09-02T14:48:57.703Z" },
]

[[package]]
name = "markdown-it-py"
version = "4.2.0"
source = { registry = "https://pypi.org/simple" }
dependencies = [
    { name = "mdurl" },
]
sdist = { url = "https://files.pythonhosted.org/packages/06/ff/7841249c247aa650a76b9ee4bbaeae59370dc8bfd2f6c01f3630c35eb134/markdown_it_py-4.2.0.tar.gz", hash = "sha256:04a21681d6fbb623de53f6f364d352309d4094dd4194040a10fd51833e418d49", size = 82454, upload-time = "2026-05-07T12:08:28.36Z" }
wheels = [
    { url = "https://files.pythonhosted.org/packages/b3/81/4da04ced5a082363ecfa159c010d200ecbd959ae410c10c0264a38cac0f5/markdown_it_py-4.2.0-py3-none-any.whl", hash = "sha256:9f7ebbcd14fe59494226453aed97c1070d83f8d24b6fc3a3bcf9a38092641c4a", size = 91687, upload-time = "2026-05-07T12:08:27.182Z" },
]

[[package]]
name = "mdurl"
version = "0.1.2"
source = { registry = "https://pypi.org/simple" }
sdist = { url = "https://files.pythonhosted.org/packages/d6/54/cfe61301667036ec958cb99bd3efefba235e65cdeb9c84d24a8293ba1d90/mdurl-0.1.2.tar.gz", hash = "sha256:bb413d29f5eea38f31dd4754dd7377d4465116fb207585f97bf925588687c1ba", size = 8729, upload-time = "2022-08-14T12:40:10.846Z" }
wheels = [
    { url = "https://files.pythonhosted.org/packages/b3/38/89ba8ad64ae25be8de66a6d463314cf1eb366222074cfda9ee839c56a4b4/mdurl-0.1.2-py3-none-any.whl", hash = "sha256:84008a41e51615a49fc9966191ff91509e3c40b939176e643fd50a5c2196b8f8", size = 9979, upload-time = "2022-08-14T12:40:09.779Z" },
]

[[package]]
name = "mpmath"
version = "1.3.0"
source = { registry = "https://pypi.org/simple" }
sdist = { url = "https://files.pythonhosted.org/packages/e0/47/dd32fa426cc72114383ac549964eecb20ecfd886d1e5ccf5340b55b02f57/mpmath-1.3.0.tar.gz", hash = "sha256:7a28eb2a9774d00c7bc92411c19a89209d5da7c4c9a9e227be8330a23a25b91f", size = 508106, upload-time = "2023-03-07T16:47:11.061Z" }
wheels = [
    { url = "https://files.pythonhosted.org/packages/43/e3/7d92a15f894aa0c9c4b49b8ee9ac9850d6e63b03c9c32c0367a13ae62209/mpmath-1.3.0-py3-none-any.whl", hash = "sha256:a0b2b9fe80bbcd81a6647ff13108738cfb482d481d826cc0e02f5b35e5c88d2c", size = 536198, upload-time = "2023-03-07T16:47:09.197Z" },
]

[[package]]
name = "networkx"
version = "3.6.1"
source = { registry = "https://pypi.org/simple" }
sdist = { url = "https://files.pythonhosted.org/packages/6a/51/63fe664f3908c97be9d2e4f1158eb633317598cfa6e1fc14af5383f17512/networkx-3.6.1.tar.gz", hash = "sha256:26b7c357accc0c8cde558ad486283728b65b6a95d85ee1cd66bafab4c8168509", size = 2517025, upload-time = "2025-12-08T17:02:39.908Z" }
wheels = [
    { url = "https://files.pythonhosted.org/packages/9e/c9/b2622292ea83fbb4ec318f5b9ab867d0a28ab43c5717bb85b0a5f6b3b0a4/networkx-3.6.1-py3-none-any.whl", hash = "sha256:d47fbf302e7d9cbbb9e2555a0d267983d2aa476bac30e90dfbe5669bd57f3762", size = 2068504, upload-time = "2025-12-08T17:02:38.159Z" },
]

[[package]]
name = "numpy"
version = "2.4.6"
source = { registry = "https://pypi.org/simple" }
sdist = { url = "https://files.pythonhosted.org/packages/d0/ad/fed0499ce6a338d2a03ebae59cd15093910c8875328855781952abf6c2fe/numpy-2.4.6.tar.gz", hash = "sha256:f3a3570c4a2a16746ac2c31a7c7c7b0c186b95ce902e33db6f28094ed7387dda", size = 20735807, upload-time = "2026-05-18T23:37:14.07Z" }
wheels = [
    { url = "https://files.pythonhosted.org/packages/fb/82/bdab26d7438c6791ca31b7c024ca37c1eab8b726ba236129005cd4a06e45/numpy-2.4.6-cp313-cp313-macosx_10_13_x86_64.whl", hash = "sha256:511dbaf848decaaaf4b4ca48032619fb3138710c4bf7da7617765edad1ef96b0", size = 16684648, upload-time = "2026-05-18T23:34:29.41Z" },
    { url = "https://files.pythonhosted.org/packages/1b/30/a80189bcc7f5e4258b3fbc3968d909d1756f54d023299ecc39ad6fdb9ef8/numpy-2.4.6-cp313-cp313-macosx_11_0_arm64.whl", hash = "sha256:bf162abab1c1a736333192707cef898e735a5ca00f38f27eeedf44b39d9e85eb", size = 14693902, upload-time = "2026-05-18T23:34:33.013Z" },
    { url = "https://files.pythonhosted.org/packages/97/12/70b5d0d7c15e1ebb8a6a84a8caa1d19e181d84fb58bb6d70aca29099dec1/numpy-2.4.6-cp313-cp313-macosx_14_0_arm64.whl", hash = "sha256:043191bfa8eab18c776647b62723ac9dddece59743b13f49b2016094129c2b3f", size = 5198992, upload-time = "2026-05-18T23:34:36.132Z" },
    { url = "https://files.pythonhosted.org/packages/ba/8c/ebd2a8f8a83541f8d38cc5667e8c2b69cecfd30da6e45693e8158857d44b/numpy-2.4.6-cp313-cp313-macosx_14_0_x86_64.whl", hash = "sha256:6180d8b35af935aed8ece3a85e0a43f87393ae0ac87c8d2c8bd2c993f7270ef3", size = 6546944, upload-time = "2026-05-18T23:34:38.484Z" },
    { url = "https://files.pythonhosted.org/packages/bb/c5/7b863a97a91671a0338f4253bd3b5a3d3852f0692dae91711c9f4a10e787/numpy-2.4.6-cp313-cp313-manylinux_2_27_aarch64.manylinux_2_28_aarch64.whl", hash = "sha256:72fbe16c6fac95aedf5937fa873445cec2110be35d8a4e9433d7501fd98dae6b", size = 15669392, upload-time = "2026-05-18T23:34:41.257Z" },
    { url = "https://files.pythonhosted.org/packages/a5/9d/3584b9984ca4c047aea75214ce1a4c4c73d849bd71b604264b7f5653f8a8/numpy-2.4.6-cp313-cp313-manylinux_2_27_x86_64.manylinux_2_28_x86_64.whl", hash = "sha256:a7830bab239b79cda9c08c2da014761cafb48da6150e1da17ac06283f43b6089", size = 16633220, upload-time = "2026-05-18T23:34:45.075Z" },
    { url = "https://files.pythonhosted.org/packages/05/ae/7c67fba23bd98caec7c99261f3a16072ade14813486b0282cb29846de832/numpy-2.4.6-cp313-cp313-musllinux_1_2_aarch64.whl", hash = "sha256:ef4aea96ce4d3b074422cb4f2f64e216bf9e213004bb58ecfdf50ea02ea8eb9a", size = 17020800, upload-time = "2026-05-18T23:34:49.065Z" },
    { url = "https://files.pythonhosted.org/packages/d9/5d/3b6725cb31d983c5e66916f5d36f6d7e5521129e4c4404d64f918292a5b6/numpy-2.4.6-cp313-cp313-musllinux_1_2_x86_64.whl", hash = "sha256:dfa20cc6ca228e6b155b11da03825975ce66aea520985dbbddf0f2a5a495c605", size = 18357600, upload-time = "2026-05-18T23:34:52.709Z" },
    { url = "https://files.pythonhosted.org/packages/f7/da/2ccc6c2fe8898dee01d90c75c5f5f914a23daf99e3e0f59516a08760c8b5/numpy-2.4.6-cp313-cp313-win32.whl", hash = "sha256:56b39e5e0622a09a25bf5baf62f4bcf0cb8a41ae6e2819cf49bbc5a74c083f91", size = 5961134, upload-time = "2026-05-18T23:34:55.618Z" },
    { url = "https://files.pythonhosted.org/packages/b5/cd/9cc4dc876fb065d5c220aae4d5e14826b2715331bb7618ce1fb07a679d99/numpy-2.4.6-cp313-cp313-win_amd64.whl", hash = "sha256:c4fc99836233ea196540b17ab0983aff60ed07941751930f5f4d05bc3b3b7359", size = 12318598, upload-time = "2026-05-18T23:34:58.928Z" },
    { url = "https://files.pythonhosted.org/packages/39/1e/c0bcba1f8694116485fe28fd1be698c278fcda4141c5b0e53a2aed8b12a8/numpy-2.4.6-cp313-cp313-win_arm64.whl", hash = "sha256:a7c711e21628b52034bb5ab8d1bce291f752fcc5e92accc615778acee1ff4778", size = 10222272, upload-time = "2026-05-18T23:35:02.167Z" },
    { url = "https://files.pythonhosted.org/packages/63/6d/cc5619247c8f4204e507f5883528372e4ac4bb189e579fb859a12e480b1f/numpy-2.4.6-cp313-cp313t-macosx_11_0_arm64.whl", hash = "sha256:112b06a867b235ef466ed3508ddf0238050df9c727cafb5301ac385b899189a1", size = 14821197, upload-time = "2026-05-18T23:35:05.468Z" },
    { url = "https://files.pythonhosted.org/packages/00/58/f1c39161c87d9e9bed660f1ed4bafc0e403d5ec9650b6dd77aead07d489b/numpy-2.4.6-cp313-cp313t-macosx_14_0_arm64.whl", hash = "sha256:eaf7fa2de5c0be8ae6ff8e9bea2ccd725e980541244521d8d4b5f3354a27babe", size = 5326287, upload-time = "2026-05-18T23:35:08.693Z" },
    { url = "https://files.pythonhosted.org/packages/af/57/3917ab0fd97f271a8694513581b8a36c655f111c446852c302f04ccdb6fc/numpy-2.4.6-cp313-cp313t-macosx_14_0_x86_64.whl", hash = "sha256:7265a2f3d436e54ef9f2b52b5c937e6be778781bd97a590319d7348f1c1ca997", size = 6646763, upload-time = "2026-05-18T23:35:11.459Z" },
    { url = "https://files.pythonhosted.org/packages/eb/0f/037e64c494b67581ae18193d770adef354c41f3f2c8ebf865602d949bf8f/numpy-2.4.6-cp313-cp313t-manylinux_2_27_aarch64.manylinux_2_28_aarch64.whl", hash = "sha256:f74a575920ab21fe304421a3fc28793d82e299cae9eccb37084e9fc7f3617c20", size = 15728070, upload-time = "2026-05-18T23:35:14.79Z" },
    { url = "https://files.pythonhosted.org/packages/21/a6/5d2bae9c9542eb4df16dc9c46dc79c186e9bad53805dfa5399a6023c6db0/numpy-2.4.6-cp313-cp313t-manylinux_2_27_x86_64.manylinux_2_28_x86_64.whl", hash = "sha256:ede83e07a75dd06bc501566c1eca2afc0d61677c1472ac9ad93fdee6e638a48d", size = 16681752, upload-time = "2026-05-18T23:35:18.836Z" },
    { url = "https://files.pythonhosted.org/packages/92/14/23d1dfb410ae362cd59ce53e936b1513d545eb40db3949ced632e19a459e/numpy-2.4.6-cp313-cp313t-musllinux_1_2_aarch64.whl", hash = "sha256:68bb27509ac1b9a3443094260f6326150663b06abe40b73a2f81160623da5b67", size = 17086024, upload-time = "2026-05-18T23:35:22.52Z" },
    { url = "https://files.pythonhosted.org/packages/4b/6e/23595a2c642cdf3bc567877064bdd7f91c8b0038a4453cf2daf7248eafe9/numpy-2.4.6-cp313-cp313t-musllinux_1_2_x86_64.whl", hash = "sha256:a0df0043bdb289bde1f62da130d20df23d58b45429f752bc7a8fc5325a225ecd", size = 18403398, upload-time = "2026-05-18T23:35:26.398Z" },
    { url = "https://files.pythonhosted.org/packages/8a/90/0ac3bc947217e66dec77e7cbc6a1979d1af70b6461b82f620d3bccd5e4c8/numpy-2.4.6-cp313-cp313t-win32.whl", hash = "sha256:29a287e0cf63ff528da061de6b9f64a4618da591ca1046aafc54062e40ca7eab", size = 6084971, upload-time = "2026-05-18T23:35:29.387Z" },
    { url = "https://files.pythonhosted.org/packages/77/71/5673e351671a1d2bd6063b91b44f70c0affea7d1516fa7a6572941ba4aa1/numpy-2.4.6-cp313-cp313t-win_amd64.whl", hash = "sha256:25c692919ac5a01f170a3bfcd62d745b24fd095c353d50812637d6fcab442e75", size = 12458532, upload-time = "2026-05-18T23:35:32.175Z" },
    { url = "https://files.pythonhosted.org/packages/3f/88/19d3503c5046e688f049274b27a3ef3d771152fa80d3ba3d01a3dff61abe/numpy-2.4.6-cp313-cp313t-win_arm64.whl", hash = "sha256:1e978ec1e8bd0e0e4de6bb75de9d30cbb74db6b6a2bb727618613703ca0167dd", size = 10291881, upload-time = "2026-05-18T23:35:35.465Z" },
]

[[package]]
name = "pandas"
version = "2.3.3"
source = { registry = "https://pypi.org/simple" }
dependencies = [
    { name = "numpy" },
    { name = "python-dateutil" },
    { name = "pytz" },
    { name = "tzdata" },
]
sdist = { url = "https://files.pythonhosted.org/packages/33/01/d40b85317f86cf08d853a4f495195c73815fdf205eef3993821720274518/pandas-2.3.3.tar.gz", hash = "sha256:e05e1af93b977f7eafa636d043f9f94c7ee3ac81af99c13508215942e64c993b", size = 4495223, upload-time = "2025-09-29T23:34:51.853Z" }
wheels = [
    { url = "https://files.pythonhosted.org/packages/cd/4b/18b035ee18f97c1040d94debd8f2e737000ad70ccc8f5513f4eefad75f4b/pandas-2.3.3-cp313-cp313-macosx_10_13_x86_64.whl", hash = "sha256:56851a737e3470de7fa88e6131f41281ed440d29a9268dcbf0002da5ac366713", size = 11544671, upload-time = "2025-09-29T23:21:05.024Z" },
    { url = "https://files.pythonhosted.org/packages/31/94/72fac03573102779920099bcac1c3b05975c2cb5f01eac609faf34bed1ca/pandas-2.3.3-cp313-cp313-macosx_11_0_arm64.whl", hash = "sha256:bdcd9d1167f4885211e401b3036c0c8d9e274eee67ea8d0758a256d60704cfe8", size = 10680807, upload-time = "2025-09-29T23:21:15.979Z" },
    { url = "https://files.pythonhosted.org/packages/16/87/9472cf4a487d848476865321de18cc8c920b8cab98453ab79dbbc98db63a/pandas-2.3.3-cp313-cp313-manylinux_2_24_aarch64.manylinux_2_28_aarch64.whl", hash = "sha256:e32e7cc9af0f1cc15548288a51a3b681cc2a219faa838e995f7dc53dbab1062d", size = 11709872, upload-time = "2025-09-29T23:21:27.165Z" },
    { url = "https://files.pythonhosted.org/packages/15/07/284f757f63f8a8d69ed4472bfd85122bd086e637bf4ed09de572d575a693/pandas-2.3.3-cp313-cp313-manylinux_2_24_x86_64.manylinux_2_28_x86_64.whl", hash = "sha256:318d77e0e42a628c04dc56bcef4b40de67918f7041c2b061af1da41dcff670ac", size = 12306371, upload-time = "2025-09-29T23:21:40.532Z" },
    { url = "https://files.pythonhosted.org/packages/33/81/a3afc88fca4aa925804a27d2676d22dcd2031c2ebe08aabd0ae55b9ff282/pandas-2.3.3-cp313-cp313-musllinux_1_2_aarch64.whl", hash = "sha256:4e0a175408804d566144e170d0476b15d78458795bb18f1304fb94160cabf40c", size = 12765333, upload-time = "2025-09-29T23:21:55.77Z" },
    { url = "https://files.pythonhosted.org/packages/8d/0f/b4d4ae743a83742f1153464cf1a8ecfafc3ac59722a0b5c8602310cb7158/pandas-2.3.3-cp313-cp313-musllinux_1_2_x86_64.whl", hash = "sha256:93c2d9ab0fc11822b5eece72ec9587e172f63cff87c00b062f6e37448ced4493", size = 13418120, upload-time = "2025-09-29T23:22:10.109Z" },
    { url = "https://files.pythonhosted.org/packages/4f/c7/e54682c96a895d0c808453269e0b5928a07a127a15704fedb643e9b0a4c8/pandas-2.3.3-cp313-cp313-win_amd64.whl", hash = "sha256:f8bfc0e12dc78f777f323f55c58649591b2cd0c43534e8355c51d3fede5f4dee", size = 10993991, upload-time = "2025-09-29T23:25:04.889Z" },
    { url = "https://files.pythonhosted.org/packages/f9/ca/3f8d4f49740799189e1395812f3bf23b5e8fc7c190827d55a610da72ce55/pandas-2.3.3-cp313-cp313t-macosx_10_13_x86_64.whl", hash = "sha256:75ea25f9529fdec2d2e93a42c523962261e567d250b0013b16210e1d40d7c2e5", size = 12048227, upload-time = "2025-09-29T23:22:24.343Z" },
    { url = "https://files.pythonhosted.org/packages/0e/5a/f43efec3e8c0cc92c4663ccad372dbdff72b60bdb56b2749f04aa1d07d7e/pandas-2.3.3-cp313-cp313t-macosx_11_0_arm64.whl", hash = "sha256:74ecdf1d301e812db96a465a525952f4dde225fdb6d8e5a521d47e1f42041e21", size = 11411056, upload-time = "2025-09-29T23:22:37.762Z" },
    { url = "https://files.pythonhosted.org/packages/46/b1/85331edfc591208c9d1a63a06baa67b21d332e63b7a591a5ba42a10bb507/pandas-2.3.3-cp313-cp313t-manylinux_2_24_aarch64.manylinux_2_28_aarch64.whl", hash = "sha256:6435cb949cb34ec11cc9860246ccb2fdc9ecd742c12d3304989017d53f039a78", size = 11645189, upload-time = "2025-09-29T23:22:51.688Z" },
    { url = "https://files.pythonhosted.org/packages/44/23/78d645adc35d94d1ac4f2a3c4112ab6f5b8999f4898b8cdf01252f8df4a9/pandas-2.3.3-cp313-cp313t-manylinux_2_24_x86_64.manylinux_2_28_x86_64.whl", hash = "sha256:900f47d8f20860de523a1ac881c4c36d65efcb2eb850e6948140fa781736e110", size = 12121912, upload-time = "2025-09-29T23:23:05.042Z" },
    { url = "https://files.pythonhosted.org/packages/53/da/d10013df5e6aaef6b425aa0c32e1fc1f3e431e4bcabd420517dceadce354/pandas-2.3.3-cp313-cp313t-musllinux_1_2_aarch64.whl", hash = "sha256:a45c765238e2ed7d7c608fc5bc4a6f88b642f2f01e70c0c23d2224dd21829d86", size = 12712160, upload-time = "2025-09-29T23:23:28.57Z" },
    { url = "https://files.pythonhosted.org/packages/bd/17/e756653095a083d8a37cbd816cb87148debcfcd920129b25f99dd8d04271/pandas-2.3.3-cp313-cp313t-musllinux_1_2_x86_64.whl", hash = "sha256:c4fc4c21971a1a9f4bdb4c73978c7f7256caa3e62b323f70d6cb80db583350bc", size = 13199233, upload-time = "2025-09-29T23:24:24.876Z" },
]

[[package]]
name = "pint"
version = "0.25.3"
source = { registry = "https://pypi.org/simple" }
dependencies = [
    { name = "flexcache" },
    { name = "flexparser" },
    { name = "platformdirs" },
    { name = "typing-extensions" },
]
sdist = { url = "https://files.pythonhosted.org/packages/52/9d/b1379cdbd33a49d17d627bc24e2b63cca06a1c5343b38072d2889499e82e/pint-0.25.3.tar.gz", hash = "sha256:f8f5df6cf65314d74da1ade1bf96f8e3e4d0c41b51577ac53c49e7d44ca5acee", size = 255106, upload-time = "2026-03-19T21:57:08.72Z" }
wheels = [
    { url = "https://files.pythonhosted.org/packages/1b/dd/a9fe6a0a09512da23951c68bf36466aeecd89def3183dc095edbc807ddc5/pint-0.25.3-py3-none-any.whl", hash = "sha256:27eb25143bd5de9fcc4d5a4b484f16faf6b4615aa93ece6b3373a8c1a3c1b97d", size = 307488, upload-time = "2026-03-19T21:57:07.022Z" },
]

[[package]]
name = "platformdirs"
version = "4.12.3"
source = { registry = "https://pypi.org/simple" }
sdist = { url = "https://files.pythonhosted.org/packages/42/23/4a86fc741c38c5b69792a4ef954b281afa69bea9f083f881de1b0d23bc07/platformdirs-4.12.3.tar.gz", hash = "sha256:427fc0bb321ae0c5b037fa03238ca74820437be162e78b4848c4d4055b9b766c", size = 59538, upload-time = "2026-10-03T23:40:46.595Z" }
wheels = [
    { url = "https://files.pythonhosted.org/packages/c5/9b/6ce1ead737fe496611bda600c263b9a11ae7bd8f41bb13f9bd7e0a2c37a4/platformdirs-4.12.3-py3-none-any.whl", hash = "sha256:080f3b39423b5abfca9a23d84c4e9795f54d395cd8459867a8ded44084fcd5f8", size = 32493, upload-time = "2026-10-03T23:40:45.104Z" },
]

[[package]]
name = "prairielearn"
version = "0.0.0+internal"
source = { editable = "." }
dependencies = [
    { name = "coloraide" },
    { name = "jsonschema" },
    { name = "lxml" },
    { name = "networkx" },
    { name = "numpy" },
    { name = "pandas" },
    { name = "pint" },
    { name = "rich" },
    { name = "sympy" },
    { name = "text-unidecode" },
]

[package.metadata]
requires-dist = [
    { name = "coloraide", specifier = "==8.12.1" },
    { name = "jsonschema", specifier = "==4.26.0" },
    { name = "lxml", specifier = "==6.1.3" },
    { name = "networkx", specifier = "==3.6.1" },
    { name = "numpy", specifier = "==2.4.6" },
    { name = "pandas", specifier = "==2.3.3" },
    { name = "pint", specifier = "==0.25.3" },
    { name = "rich", specifier = "==15.0.0" },
    { name = "sympy", specifier = "==1.14.0" },
    { name = "text-unidecode", specifier = "==1.3" },
]

[[package]]
name = "pygments"
version = "2.21.0"
source = { registry = "https://pypi.org/simple" }
sdist = { url = "https://files.pythonhosted.org/packages/49/2e/ced460408999b33da6b31b0021b0f37d329e202d4169aeb164493778f25b/pygments-2.21.0.tar.gz", hash = "sha256:610ca751c9bc2492b38eb9a38a7fbc93edbbb2d7182edaf34e66ae493dee5c8c", size = 5005329, upload-time = "2026-08-17T08:02:48.824Z" }
wheels = [
    { url = "https://files.pythonhosted.org/packages/71/46/17f022dd3e953bf20a04a028a21ec746d942f8d2af30fa0f124fa0e6a684/pygments-2.21.0-py3-none-any.whl", hash = "sha256:2363c69b61c4a97c838da3b130dcd6468f4848992b21a82f2a63ec34377137d9", size = 1250147, upload-time = "2026-08-17T08:02:44.912Z" },
]

[[package]]
name = "python-dateutil"
version = "2.9.0.post0"
source = { registry = "https://pypi.org/simple" }
dependencies = [
    { name = "six" },
]
sdist = { url = "https://files.pythonhosted.org/packages/66/c0/0c8b6ad9f17a802ee498c46e004a0eb49bc148f2fd230864601a86dcf6db/python-dateutil-2.9.0.post0.tar.gz", hash = "sha256:37dd54208da7e1cd875388217d5e00ebd4179249f90fb72437e91a35459a0ad3", size = 342432, upload-time = "2024-03-01T18:36:20.211Z" }
wheels = [
    { url = "https://files.pythonhosted.org/packages/ec/57/56b9bcc3c9c6a792fcbaf139543cee77261f3651ca9da0c93f5c1221264b/python_dateutil-2.9.0.post0-py2.py3-none-any.whl", hash = "sha256:a8b2bc7bffae282281c8140a97d3aa9c14da0b136dfe83f850eea9a5f7470427", size = 229892, upload-time = "2024-03-01T18:36:18.57Z" },
]

[[package]]
name = "pytz"
version = "2026.5"
source = { registry = "https://pypi.org/simple" }
sdist = { url = "https://files.pythonhosted.org/packages/14/21/d83d6ef28c4c912c4bb4d1dcf591f7b8c6bde87b9c66f9f454677314e16d/pytz-2026.5.tar.gz", hash = "sha256:fa23724b9c486543b9ff54a327ee7569ac83ade54bb9afd0fc18676620401c86", size = 318572, upload-time = "2026-10-04T02:37:58.719Z" }
wheels = [
    { url = "https://files.pythonhosted.org/packages/4f/ef/c66110d46fb800dda0bf33164182dfadabe26a90e4476844d502a23dca8e/pytz-2026.5-py2.py3-none-any.whl", hash = "sha256:e658af3757f9e26a9d25dd2aff38335acd92bc9104f890a894b2c1ba28311b03", size = 506342, upload-time = "2026-10-04T02:37:56.814Z" },
]

[[package]]
name = "referencing"
version = "0.37.0"
source = { registry = "https://pypi.org/simple" }
dependencies = [
    { name = "attrs" },
    { name = "rpds-py" },
]
sdist = { url = "https://files.pythonhosted.org/packages/22/f5/df4e9027acead3ecc63e50fe1e36aca1523e1719559c499951bb4b53188f/referencing-0.37.0.tar.gz", hash = "sha256:44aefc3142c5b842538163acb373e24cce6632bd54bdb01b21ad5863489f50d8", size = 78036, upload-time = "2025-10-13T15:30:48.871Z" }
wheels = [
    { url = "https://files.pythonhosted.org/packages/2c/58/ca301544e1fa93ed4f80d724bf5b194f6e4b945841c5bfd555878eea9fcb/referencing-0.37.0-py3-none-any.whl", hash = "sha256:381329a9f99628c9069361716891d34ad94af76e461dcb0335825aecc7692231", size = 26766, upload-time = "2025-10-13T15:30:47.625Z" },
]

[[package]]
name = "rich"
version = "15.0.0"
source = { registry = "https://pypi.org/simple" }
dependencies = [
    { name = "markdown-it-py" },
    { name = "pygments" },
]
sdist = { url = "https://files.pythonhosted.org/packages/c0/8f/0722ca900cc807c13a6a0c696dacf35430f72e0ec571c4275d2371fca3e9/rich-15.0.0.tar.gz", hash = "sha256:edd07a4824c6b40189fb7ac9bc4c52536e9780fbbfbddf6f1e2502c31b068c36", size = 230680, upload-time = "2026-04-12T08:24:00.75Z" }
wheels = [
    { url = "https://files.pythonhosted.org/packages/82/3b/64d4899d73f91ba49a8c18a8ff3f0ea8f1c1d75481760df8c68ef5235bf5/rich-15.0.0-py3-none-any.whl", hash = "sha256:33bd4ef74232fb73fe9279a257718407f169c09b78a87ad3d296f548e27de0bb", size = 310654, upload-time = "2026-04-12T08:24:02.83Z" },
]

[[package]]
name = "rpds-py"
version = "2026.9.1"
source = { registry = "https://pypi.org/simple" }
sdist = { url = "https://files.pythonhosted.org/packages/42/68/3bd46b8a5e01d3c2ebdf9c5e9497912e3fe0cde02bac21a7130ca866e403/rpds_py-2026.9.1.tar.gz", hash = "sha256:4793ef7f78268b124b73fa933440f01d258bbae01de9fa53e9080c9ab0425a12", size = 63948, upload-time = "2026-10-04T16:32:36.469Z" }
wheels = [
    { url = "https://files.pythonhosted.org/packages/83/ea/ee88fd9e756ff93fb6b1182a47ec09504a242620e33ce1d20679efefe841/rpds_py-2026.9.1-cp313-cp313-macosx_10_12_x86_64.whl", hash = "sha256:a36b70596407634ca82d4b989a3729074a008537a0522e4c8046a67c729103e9", size = 346229, upload-time = "2026-10-04T16:29:38.82Z" },
    { url = "https://files.pythonhosted.org/packages/57/71/a097d6552f837500fc36e6b23d09cfb9890c3cc47531f9ca64e149799615/rpds_py-2026.9.1-cp313-cp313-macosx_11_0_arm64.whl", hash = "sha256:eba5d173f7d5708b22a93815017a4611873ed54db9f268077c0dd1ed99cfc858", size = 340514, upload-time = "2026-10-04T16:29:40.405Z" },
    { url = "https://files.pythonhosted.org/packages/bd/b7/497e85768bf4e0d8ddbaa096a4cac31d1509251dee2728a8490aa367e0b5/rpds_py-2026.9.1-cp313-cp313-manylinux_2_17_aarch64.manylinux2014_aarch64.whl", hash = "sha256:457866b85daf5034296666168b84a69e0b2e89dc4f1af102b46f6448a60b9063", size = 372611, upload-time = "2026-10-04T16:29:41.778Z" },
    { url = "https://files.pythonhosted.org/packages/52/4b/74ab4108916250b6e198e0d3af05bc6835eb046315f22f7a0ceb49667c5a/rpds_py-2026.9.1-cp313-cp313-manylinux_2_17_armv7l.manylinux2014_armv7l.whl", hash = "sha256:a3a52a3ba86436ab3aef510fbe21512abc2ddd1993005dfe50514bd2284ef025", size = 377712, upload-time = "2026-10-04T16:29:43.242Z" },
    { url = "https://files.pythonhosted.org/packages/0c/8e/067e77d9d7b3cc793c9d909b7e97e7aadbbb1fb094093b6876902cc96d38/rpds_py-2026.9.1-cp313-cp313-manylinux_2_17_ppc64le.manylinux2014_ppc64le.whl", hash = "sha256:d7841166b7fa64c9c56404617ae4341448847482d45933b13135d26c130519e5", size = 488106, upload-time = "2026-10-04T16:29:44.692Z" },
    { url = "https://files.pythonhosted.org/packages/3c/b4/c5aae6c2dde269bf955f6b7d35065c655a57e47750d9668052ad67e74dda/rpds_py-2026.9.1-cp313-cp313-manylinux_2_17_s390x.manylinux2014_s390x.whl", hash = "sha256:926bdd3e3b5998ddf70cc64bc8cf57209571f9044542913afb673799fec77dd0", size = 390795, upload-time = "2026-10-04T16:29:46.129Z" },
    { url = "https://files.pythonhosted.org/packages/a0/36/76fab39973ee11e7f9f357c55138197bb01c86f6502cb76487e3b4f42db0/rpds_py-2026.9.1-cp313-cp313-manylinux_2_17_x86_64.manylinux2014_x86_64.whl", hash = "sha256:7868b85224291c6cb6759f9b5adb9745f486d226f62b16a614dd5a2a5ab2b35b", size = 370794, upload-time = "2026-10-04T16:29:47.603Z" },
    { url = "https://files.pythonhosted.org/packages/3d/fe/cd2a80e6d7b871937a60e935c5d507aa390d143f4ff3636f640b9733d5df/rpds_py-2026.9.1-cp313-cp313-manylinux_2_31_riscv64.whl", hash = "sha256:3cd182d7291d29b92c521a0069d9c01ba6193628a9a105531d11b40a6d731a33", size = 375673, upload-time = "2026-10-04T16:29:49.223Z" },
    { url = "https://files.pythonhosted.org/packages/6c/18/7464a9953724e55a3b3206062fa0ffdeaa519584c6aabf65d3956d94f131/rpds_py-2026.9.1-cp313-cp313-manylinux_2_5_i686.manylinux1_i686.whl", hash = "sha256:e6ea1cda8d8c688278430e4268a42f5e5da3bdd74578dfadc0820c3f1766ce83", size = 398758, upload-time = "2026-10-04T16:29:50.601Z" },
    { url = "https://files.pythonhosted.org/packages/c0/86/1534b436700fd49ff411063b7c4d7e938adfabf90895b6cf1622d5a7d1f6/rpds_py-2026.9.1-cp313-cp313-musllinux_1_2_aarch64.whl", hash = "sha256:5943980471829f6de242a20b109de3111ba6b77e3af0ffc587028ac854b05e6c", size = 550370, upload-time = "2026-10-04T16:29:52.002Z" },
    { url = "https://files.pythonhosted.org/packages/57/1c/e1fa82a8a01e3c5820f3ba98a8b2673f642128eb368fa88871b01dd2c909/rpds_py-2026.9.1-cp313-cp313-musllinux_1_2_i686.whl", hash = "sha256:76d3af9732d2dab69f28179b40ba2d87e2f1d5824b4a694780aa787d685e8f36", size = 613106, upload-time = "2026-10-04T16:29:53.655Z" },
    { url = "https://files.pythonhosted.org/packages/29/55/b20b8c4c3dde8755bfcd5b08492a02d0cd2e26929aedf6199ca2a377d42a/rpds_py-2026.9.1-cp313-cp313-musllinux_1_2_x86_64.whl", hash = "sha256:78326f4cb4427a56ba4996c0762b63be45f06b85f086526420d2b3a66e40f84d", size = 578235, upload-time = "2026-10-04T16:29:55.157Z" },
    { url = "https://files.pythonhosted.org/packages/55/42/df3f7bbc3f7ab37a8a9db8d6c2ff2c985422899f1f7926afbf7ec3c0b8b4/rpds_py-2026.9.1-cp313-cp313-win32.whl", hash = "sha256:172e47169583f46ce118cbec68e6795d0da0f4606b488b6434f8276bca0a058c", size = 205293, upload-time = "2026-10-04T16:29:56.669Z" },
    { url = "https://files.pythonhosted.org/packages/31/9c/ba5a9569d719bfdd6ce863df4133ac6a1658cf1b07cc3534c31db729fbbc/rpds_py-2026.9.1-cp313-cp313-win_amd64.whl", hash = "sha256:3e93b2cd69a9830be33e03945cd7cda940a0a8bfcfbff41d6144f0cb0d3d8bd9", size = 222409, upload-time = "2026-10-04T16:29:58.049Z" },
    { url = "https://files.pythonhosted.org/packages/35/72/f28ca566f6c23c35bbf7445f65eb0364577b25a026305995e24f78b83d94/rpds_py-2026.9.1-cp313-cp313-win_arm64.whl", hash = "sha256:d151e148117294133bf8af7eeace085e7e87432db15ab6adf640330298a47f6f", size = 217681, upload-time = "2026-10-04T16:29:59.449Z" },
]

[[package]]
name = "six"
version = "1.17.0"
source = { registry = "https://pypi.org/simple" }
sdist = { url = "https://files.pythonhosted.org/packages/94/e7/b2c673351809dca68a0e064b6af791aa332cf192da575fd474ed7d6f16a2/six-1.17.0.tar.gz", hash = "sha256:ff70335d468e7eb6ec65b95b99d3a2836546063f63acc5171de367e834932a81", size = 34031, upload-time = "2024-12-04T17:35:28.174Z" }
wheels = [
    { url = "https://files.pythonhosted.org/packages/b7/ce/149a00dd41f10bc29e5921b496af8b574d8413afcd5e30dfa0ed46c2cc5e/six-1.17.0-py2.py3-none-any.whl", hash = "sha256:4721f391ed90541fddacab5acf947aa0d3dc7d27b2e1e8eda2be8970586c3274", size = 11050, upload-time = "2024-12-04T17:35:26.475Z" },
]

[[package]]
name = "sympy"
version = "1.14.0"
source = { registry = "https://pypi.org/simple" }
dependencies = [
    { name = "mpmath" },
]
sdist = { url = "https://files.pythonhosted.org/packages/83/d3/803453b36afefb7c2bb238361cd4ae6125a569b4db67cd9e79846ba2d68c/sympy-1.14.0.tar.gz", hash = "sha256:d3d3fe8df1e5a0b42f0e7bdf50541697dbe7d23746e894990c030e2b05e72517", size = 7793921, upload-time = "2025-04-27T18:05:01.611Z" }
wheels = [
    { url = "https://files.pythonhosted.org/packages/a2/09/77d55d46fd61b4a135c444fc97158ef34a095e5681d0a6c10b75bf356191/sympy-1.14.0-py3-none-any.whl", hash = "sha256:e091cc3e99d2141a0ba2847328f5479b05d94a6635cb96148ccb3f34671bd8f5", size = 6299353, upload-time = "2025-04-27T18:04:59.103Z" },
]

[[package]]
name = "text-unidecode"
version = "1.3"
source = { registry = "https://pypi.org/simple" }
sdist = { url = "https://files.pythonhosted.org/packages/ab/e2/e9a00f0ccb71718418230718b3d900e71a5d16e701a3dae079a21e9cd8f8/text-unidecode-1.3.tar.gz", hash = "sha256:bad6603bb14d279193107714b288be206cac565dfa49aa5b105294dd5c4aab93", size = 76885, upload-time = "2019-08-30T21:36:45.405Z" }
wheels = [
    { url = "https://files.pythonhosted.org/packages/a6/a5/c0b6468d3824fe3fde30dbb5e1f687b291608f9473681bbf7dabbf5a87d7/text_unidecode-1.3-py2.py3-none-any.whl", hash = "sha256:1311f10e8b895935241623731c2ba64f4c455287888b18189350b67134a822e8", size = 78154, upload-time = "2019-08-30T21:37:03.543Z" },
]

[[package]]
name = "typing-extensions"
version = "4.16.0"
source = { registry = "https://pypi.org/simple" }
sdist = { url = "https://files.pythonhosted.org/packages/f6/cc/6253133b5bb138fc3306cebfbda2c520f545d36b5be2c7255cc528bb45d6/typing_extensions-4.16.0.tar.gz", hash = "sha256:dc983d19a509c94dba722ee6abd33940f7c05a89e243c47e907eb4db6f1a43e5", size = 113555, upload-time = "2026-07-02T08:40:05.92Z" }
wheels = [
    { url = "https://files.pythonhosted.org/packages/49/d3/b8441a820a491ddfc024b0b0cf0393375b75ea13866d9c66727e54c2fc80/typing_extensions-4.16.0-py3-none-any.whl", hash = "sha256:481caa481374e813c1b176ada14e97f1f67a4539ce9cfeb3f350d78d6370c2e8", size = 45571, upload-time = "2026-07-02T08:40:04.659Z" },
]

[[package]]
name = "tzdata"
version = "2026.5"
source = { registry = "https://pypi.org/simple" }
sdist = { url = "https://files.pythonhosted.org/packages/d9/68/f1b440335057bfce71b6e50a9d09445aa2ecbd08359a337976627b8409e7/tzdata-2026.5.tar.gz", hash = "sha256:8cc73c0a0bfca7dbfa59235d60b2eff82231dee33f53d206db1acd9173cfc0a7", size = 200404, upload-time = "2026-10-03T09:23:14.143Z" }
wheels = [
    { url = "https://files.pythonhosted.org/packages/94/21/1e5995a1c920cce14e4bffae20c665ec10e7ed03ab25e006cd741092b718/tzdata-2026.5-py2.py3-none-any.whl", hash = "sha256:b683bd1b6659ddcd810ff02ad09ba821d4bf1065072805063eb35c49617905ac", size = 347996, upload-time = "2026-10-03T09:23:12.535Z" },
]
